
Microsoft Visual Studio Solution File, Format Version 12.00
# Visual Studio Version 16
VisualStudioVersion = 16.0.29905.134
MinimumVisualStudioVersion = 10.0.40219.1
Project("{9A19103F-16F7-4668-BE54-9A1E7A4F7556}") = "WorldWideImporters", "WorldWideImporters\WorldWideImporters.csproj", "{68CFCE9C-8296-4EB8-AE15-8F46423C8E83}"
EndProject
Project("{9A19103F-16F7-4668-BE54-9A1E7A4F7556}") = "WwiEfCoreLib", "WwiEfCoreLib\WwiEfCoreLib.csproj", "{A2E0D7A0-5F59-4067-A9C0-1539C2F90D97}"
EndProject
Global
	GlobalSection(SolutionConfigurationPlatforms) = preSolution
		Debug|Any CPU = Debug|Any CPU
		Release|Any CPU = Release|Any CPU
	EndGlobalSection
	GlobalSection(ProjectConfigurationPlatforms) = postSolution
		{68CFCE9C-8296-4EB8-AE15-8F46423C8E83}.Debug|Any CPU.ActiveCfg = Debug|Any CPU
		{68CFCE9C-8296-4EB8-AE15-8F46423C8E83}.Debug|Any CPU.Build.0 = Debug|Any CPU
		{68CFCE9C-8296-4EB8-AE15-8F46423C8E83}.Release|Any CPU.ActiveCfg = Release|Any CPU
		{68CFCE9C-8296-4EB8-AE15-8F46423C8E83}.Release|Any CPU.Build.0 = Release|Any CPU
		{A2E0D7A0-5F59-4067-A9C0-1539C2F90D97}.Debug|Any CPU.ActiveCfg = Debug|Any CPU
		{A2E0D7A0-5F59-4067-A9C0-1539C2F90D97}.Debug|Any CPU.Build.0 = Debug|Any CPU
		{A2E0D7A0-5F59-4067-A9C0-1539C2F90D97}.Release|Any CPU.ActiveCfg = Release|Any CPU
		{A2E0D7A0-5F59-4067-A9C0-1539C2F90D97}.Release|Any CPU.Build.0 = Release|Any CPU
	EndGlobalSection
	GlobalSection(SolutionProperties) = preSolution
		HideSolutionNode = FALSE
	EndGlobalSection
	GlobalSection(ExtensibilityGlobals) = postSolution
		SolutionGuid = {6ED5B94D-8666-41CE-94EC-F39C6D4ECD40}
	EndGlobalSection
EndGlobal
